# THIS IS AN AUTOGENERATED FILE. DO NOT EDIT THIS FILE DIRECTLY.
# yarn lockfile v1


bluebird@3.7.2, bluebird@^3.7.2:
  version "3.7.2"
  resolved "https://registry.yarnpkg.com/bluebird/-/bluebird-3.7.2.tgz#9f229c15be272454ffa973ace0dbee79a1b0c36f"
  integrity sha512-XpNj6GDQzdfW+r2Wnn7xiSAd7TM3jzkxGXBGTtWKuSXv1xUV+azxAm8jdWZN06QTQk+2N2XB9jRDkvbmQmcRtg==

data-api-client@1.2.0:
  version "1.2.0"
  resolved "https://registry.yarnpkg.com/data-api-client/-/data-api-client-1.2.0.tgz#3c07bc751f59c7e1ea97a18814b18dd762213fb8"
  integrity sha512-AGv4lWOF4RyoqUOLrYWbZeIP7eyFCM2UxGJ92XG9Q0xHofrT/67plprl0mAsxpAYdWQ8u0hLZFxC+iQSASsjgQ==
  dependencies:
    sqlstring "^2.3.2"

knex-aurora-data-api-client@^1.6.4:
  version "1.6.4"
  resolved "https://registry.yarnpkg.com/knex-aurora-data-api-client/-/knex-aurora-data-api-client-1.6.4.tgz#2f70ab458f8ecc7e45fc501410036b8e06ae2855"
  integrity sha512-Niyo0INRQwvWqYLlu/vd5BZnsMAbfRXoO4wIh6VykfWqQyXw3AVsmOBCGttKVHfqrRbqTM1/rFa3MHtqES1mwQ==
  dependencies:
    bluebird "3.7.2"
    data-api-client "1.2.0"

sqlstring@^2.3.2:
  version "2.3.2"
  resolved "https://registry.yarnpkg.com/sqlstring/-/sqlstring-2.3.2.tgz#cdae7169389a1375b18e885f2e60b3e460809514"
  integrity sha512-vF4ZbYdKS8OnoJAWBmMxCQDkiEBkGQYU7UZPtL8flbDRSNkhaXvRJ279ZtI6M+zDaQovVU4tuRgzK5fVhvFAhg==
